
Microsoft Visual Studio Solution File, Format Version 12.00
# Visual Studio Version 17
VisualStudioVersion = 17.1.32421.90
MinimumVisualStudioVersion = 10.0.40219.1
Project("{FAE04EC0-301F-11D3-BF4B-00C04F79EFBC}") = "EmployeeWageComputation", "EmployeeWageComputation\EmployeeWageComputation.csproj", "{0BCBE689-0E2E-4625-912C-57A6471F00B7}"
EndProject
Global
	GlobalSection(SolutionConfigurationPlatforms) = preSolution
		Debug|Any CPU = Debug|Any CPU
		Release|Any CPU = Release|Any CPU
	EndGlobalSection
	GlobalSection(ProjectConfigurationPlatforms) = postSolution
		{0BCBE689-0E2E-4625-912C-57A6471F00B7}.Debug|Any CPU.ActiveCfg = Debug|Any CPU
		{0BCBE689-0E2E-4625-912C-57A6471F00B7}.Debug|Any CPU.Build.0 = Debug|Any CPU
		{0BCBE689-0E2E-4625-912C-57A6471F00B7}.Release|Any CPU.ActiveCfg = Release|Any CPU
		{0BCBE689-0E2E-4625-912C-57A6471F00B7}.Release|Any CPU.Build.0 = Release|Any CPU
	EndGlobalSection
	GlobalSection(SolutionProperties) = preSolution
		HideSolutionNode = FALSE
	EndGlobalSection
	GlobalSection(ExtensibilityGlobals) = postSolution
		SolutionGuid = {DBA00924-F94A-4F87-8745-FCEC224F7824}
	EndGlobalSection
EndGlobal
